<?xml version="1.0" encoding="utf-8"?>
<Project ToolsVersion="4.0" xmlns="http://schemas.microsoft.com/developer/msbuild/2003">
  <ItemGroup>
    <Filter Include="소스 파일">
      <UniqueIdentifier>{4FC737F1-C7A5-4376-A066-2A32D752A2FF}</UniqueIdentifier>
      <Extensions>cpp;c;cc;cxx;c++;cppm;ixx;def;odl;idl;hpj;bat;asm;asmx</Extensions>
    </Filter>
    <Filter Include="리소스 파일">
      <UniqueIdentifier>{67DA6AB6-F800-4c08-8B7A-83BB121AAD01}</UniqueIdentifier>
      <Extensions>rc;ico;cur;bmp;dlg;rc2;rct;bin;rgs;gif;jpg;jpeg;jpe;resx;tiff;tif;png;wav;mfcribbon-ms</Extensions>
    </Filter>
    <Filter Include="소스 파일\DIB">
      <UniqueIdentifier>{0fac05f7-130a-475a-910d-3e6f03cbe923}</UniqueIdentifier>
    </Filter>
    <Filter Include="소스 파일\Object">
      <UniqueIdentifier>{fcc42eb7-d4fe-4b84-a8a4-3183f56a5dda}</UniqueIdentifier>
    </Filter>
    <Filter Include="소스 파일\Resource">
      <UniqueIdentifier>{e93e01ef-4048-450a-b089-8e1ff67cc1b4}</UniqueIdentifier>
    </Filter>
    <Filter Include="소스 파일\GlobalVariable">
      <UniqueIdentifier>{731f384d-9ce7-42c3-988f-90058a8516ec}</UniqueIdentifier>
    </Filter>
    <Filter Include="소스 파일\Default">
      <UniqueIdentifier>{9232028c-c8f9-48c3-ba81-1df59ec43c27}</UniqueIdentifier>
    </Filter>
    <Filter Include="소스 파일\Scene">
      <UniqueIdentifier>{5e4dff02-84a0-4db2-b5c9-d85fcee54950}</UniqueIdentifier>
    </Filter>
    <Filter Include="소스 파일\Library">
      <UniqueIdentifier>{9103bdae-3d7a-4998-a7c4-b824038adfce}</UniqueIdentifier>
    </Filter>
    <Filter Include="소스 파일\Manager">
      <UniqueIdentifier>{e5c04830-0b0e-4a45-88bd-6113b95e7672}</UniqueIdentifier>
    </Filter>
    <Filter Include="소스 파일\Procademy">
      <UniqueIdentifier>{2be3c23d-3848-45a8-8900-fee756074289}</UniqueIdentifier>
    </Filter>
  </ItemGroup>
  <ItemGroup>
    <ClInclude Include="framework.h">
      <Filter>소스 파일\Library</Filter>
    </ClInclude>
    <ClInclude Include="Resource.h">
      <Filter>소스 파일\Library</Filter>
    </ClInclude>
    <ClInclude Include="targetver.h">
      <Filter>소스 파일\Library</Filter>
    </ClInclude>
    <ClInclude Include="BaseObject.h">
      <Filter>소스 파일\Object</Filter>
    </ClInclude>
    <ClInclude Include="Player.h">
      <Filter>소스 파일\Object</Filter>
    </ClInclude>
    <ClInclude Include="Sprite.h">
      <Filter>소스 파일\Resource</Filter>
    </ClInclude>
    <ClInclude Include="BackBuffer.h">
      <Filter>소스 파일\Manager</Filter>
    </ClInclude>
    <ClInclude Include="GlobalVariable.h">
      <Filter>소스 파일\GlobalVariable</Filter>
    </ClInclude>
    <ClInclude Include="Winapi2DGame.h">
      <Filter>소스 파일\Default</Filter>
    </ClInclude>
    <ClInclude Include="SpriteExample.h">
      <Filter>소스 파일</Filter>
    </ClInclude>
    <ClInclude Include="BackGround.h">
      <Filter>소스 파일\Object</Filter>
    </ClInclude>
    <ClInclude Include="SceneManager.h">
      <Filter>소스 파일\Manager</Filter>
    </ClInclude>
    <ClInclude Include="MemoryTracer.h">
      <Filter>소스 파일\Library</Filter>
    </ClInclude>
    <ClInclude Include="TimeManager.h">
      <Filter>소스 파일\Manager</Filter>
    </ClInclude>
    <ClInclude Include="BaseScene.h">
      <Filter>소스 파일\Scene</Filter>
    </ClInclude>
    <ClInclude Include="GameScene.h">
      <Filter>소스 파일\Scene</Filter>
    </ClInclude>
    <ClInclude Include="ObjectManager.h">
      <Filter>소스 파일\Manager</Filter>
    </ClInclude>
    <ClInclude Include="LogManager.h">
      <Filter>소스 파일\Manager</Filter>
    </ClInclude>
    <ClInclude Include="SpriteManager.h">
      <Filter>소스 파일\Manager</Filter>
    </ClInclude>
    <ClInclude Include="SpriteDib.h">
      <Filter>소스 파일\Procademy</Filter>
    </ClInclude>
    <ClInclude Include="ScreenDib.h">
      <Filter>소스 파일\Procademy</Filter>
    </ClInclude>
    <ClInclude Include="Utility.h">
      <Filter>소스 파일\Library</Filter>
    </ClInclude>
    <ClInclude Include="Profiler.h">
      <Filter>소스 파일\Library</Filter>
    </ClInclude>
    <ClInclude Include="MyLinkedList.h">
      <Filter>소스 파일\Library</Filter>
    </ClInclude>
    <ClInclude Include="Monster.h">
      <Filter>소스 파일\Object</Filter>
    </ClInclude>
    <ClInclude Include="PacketDefine.h">
      <Filter>소스 파일\GlobalVariable</Filter>
    </ClInclude>
    <ClInclude Include="RingBuffer.h">
      <Filter>소스 파일\Library</Filter>
    </ClInclude>
    <ClInclude Include="PacketStructure.h">
      <Filter>소스 파일\GlobalVariable</Filter>
    </ClInclude>
    <ClInclude Include="CreatePacket.h">
      <Filter>소스 파일\GlobalVariable</Filter>
    </ClInclude>
    <ClInclude Include="Effect.h">
      <Filter>소스 파일\Object</Filter>
    </ClInclude>
  </ItemGroup>
  <ItemGroup>
    <ResourceCompile Include="Winapi2DGame.rc">
      <Filter>리소스 파일</Filter>
    </ResourceCompile>
  </ItemGroup>
  <ItemGroup>
    <Image Include="small.ico">
      <Filter>리소스 파일</Filter>
    </Image>
    <Image Include="Winapi2DGame.ico">
      <Filter>리소스 파일</Filter>
    </Image>
  </ItemGroup>
  <ItemGroup>
    <ClCompile Include="Sprite.cpp">
      <Filter>소스 파일\Resource</Filter>
    </ClCompile>
    <ClCompile Include="Player.cpp">
      <Filter>소스 파일\Object</Filter>
    </ClCompile>
    <ClCompile Include="BackBuffer.cpp">
      <Filter>소스 파일\Manager</Filter>
    </ClCompile>
    <ClCompile Include="Winapi2DGame.cpp">
      <Filter>소스 파일\Default</Filter>
    </ClCompile>
    <ClCompile Include="BackGround.cpp">
      <Filter>소스 파일\Object</Filter>
    </ClCompile>
    <ClCompile Include="SceneManager.cpp">
      <Filter>소스 파일\Manager</Filter>
    </ClCompile>
    <ClCompile Include="MemoryTracer.cpp">
      <Filter>소스 파일\Library</Filter>
    </ClCompile>
    <ClCompile Include="TimeManager.cpp">
      <Filter>소스 파일\Manager</Filter>
    </ClCompile>
    <ClCompile Include="BaseObject.cpp">
      <Filter>소스 파일\Object</Filter>
    </ClCompile>
    <ClCompile Include="ObjectManager.cpp">
      <Filter>소스 파일\Manager</Filter>
    </ClCompile>
    <ClCompile Include="GameScene.cpp">
      <Filter>소스 파일\Scene</Filter>
    </ClCompile>
    <ClCompile Include="LogManager.cpp">
      <Filter>소스 파일\Manager</Filter>
    </ClCompile>
    <ClCompile Include="SpriteDib.cpp">
      <Filter>소스 파일\Procademy</Filter>
    </ClCompile>
    <ClCompile Include="ScreenDib.cpp">
      <Filter>소스 파일\Procademy</Filter>
    </ClCompile>
    <ClCompile Include="SpriteManager.cpp">
      <Filter>소스 파일\Manager</Filter>
    </ClCompile>
    <ClCompile Include="Utility.cpp">
      <Filter>소스 파일\Library</Filter>
    </ClCompile>
    <ClCompile Include="BaseScene.cpp">
      <Filter>소스 파일</Filter>
    </ClCompile>
    <ClCompile Include="Profiler.cpp">
      <Filter>소스 파일\Library</Filter>
    </ClCompile>
    <ClCompile Include="Monster.cpp">
      <Filter>소스 파일\Object</Filter>
    </ClCompile>
    <ClCompile Include="RingBuffer.cpp">
      <Filter>소스 파일\Library</Filter>
    </ClCompile>
    <ClCompile Include="CreatePacket.cpp">
      <Filter>소스 파일\GlobalVariable</Filter>
    </ClCompile>
    <ClCompile Include="Effect.cpp">
      <Filter>소스 파일\Object</Filter>
    </ClCompile>
  </ItemGroup>
</Project>